
Microsoft Visual Studio Solution File, Format Version 12.00
# Visual Studio Version 17
VisualStudioVersion = 17.5.002.0
MinimumVisualStudioVersion = 10.0.40219.1
Project("{9A19103F-16F7-4668-BE54-9A1E7A4F7556}") = "SecureShare.API", "SecureShare.API\SecureShare.API.csproj", "{CDC85068-103A-495B-B4C1-60114D40E426}"
EndProject
Global
	GlobalSection(SolutionConfigurationPlatforms) = preSolution
		Debug|Any CPU = Debug|Any CPU
		Release|Any CPU = Release|Any CPU
	EndGlobalSection
	GlobalSection(ProjectConfigurationPlatforms) = postSolution
		{CDC85068-103A-495B-B4C1-60114D40E426}.Debug|Any CPU.ActiveCfg = Debug|Any CPU
		{CDC85068-103A-495B-B4C1-60114D40E426}.Debug|Any CPU.Build.0 = Debug|Any CPU
		{CDC85068-103A-495B-B4C1-60114D40E426}.Release|Any CPU.ActiveCfg = Release|Any CPU
		{CDC85068-103A-495B-B4C1-60114D40E426}.Release|Any CPU.Build.0 = Release|Any CPU
	EndGlobalSection
	GlobalSection(SolutionProperties) = preSolution
		HideSolutionNode = FALSE
	EndGlobalSection
	GlobalSection(ExtensibilityGlobals) = postSolution
		SolutionGuid = {9B177C07-4240-4C90-8D75-C8FB723D2E66}
	EndGlobalSection
EndGlobal
